// !$*UTF8*$!
{
	archiveVersion = 1;
	classes = {
	};
	objectVersion = 50;
	objects = {

/* Begin PBXBuildFile section */
		8C58AED422AAAB95009FF58E /* SignCell.xib in Resources */ = {isa = PBXBuildFile; fileRef = 8C58AED322AAAB95009FF58E /* SignCell.xib */; };
		8C58AED622AAD2B6009FF58E /* signCell.swift in Sources */ = {isa = PBXBuildFile; fileRef = 8C58AED522AAD2B6009FF58E /* signCell.swift */; };
		8CAF5E8922B422C700D568A3 /* VideoPlayerView.swift in Sources */ = {isa = PBXBuildFile; fileRef = 8CAF5E8822B422C700D568A3 /* VideoPlayerView.swift */; };
		8CAF5E8D22B423F800D568A3 /* GoogleService-Info.plist in Resources */ = {isa = PBXBuildFile; fileRef = 8CAF5E8C22B423F800D568A3 /* GoogleService-Info.plist */; };
		8CC2F6A4229ED45900A2F053 /* csvjson.json in Resources */ = {isa = PBXBuildFile; fileRef = 8CC2F6A3229ED45900A2F053 /* csvjson.json */; };
		8CCBEF3822B15544000AECFA /* SignsController.swift in Sources */ = {isa = PBXBuildFile; fileRef = 8CCBEF3722B15544000AECFA /* SignsController.swift */; };
		8CE46AC5228316F1003B04A7 /* AppDelegate.swift in Sources */ = {isa = PBXBuildFile; fileRef = 8CE46AC4228316F1003B04A7 /* AppDelegate.swift */; };
		8CE46AC7228316F1003B04A7 /* ViewController.swift in Sources */ = {isa = PBXBuildFile; fileRef = 8CE46AC6228316F1003B04A7 /* ViewController.swift */; };
		8CE46ACA228316F1003B04A7 /* Main.storyboard in Resources */ = {isa = PBXBuildFile; fileRef = 8CE46AC8228316F1003B04A7 /* Main.storyboard */; };
		8CE46ACC228316F1003B04A7 /* Assets.xcassets in Resources */ = {isa = PBXBuildFile; fileRef = 8CE46ACB228316F1003B04A7 /* Assets.xcassets */; };
		8CE46ACF228316F1003B04A7 /* LaunchScreen.storyboard in Resources */ = {isa = PBXBuildFile; fileRef = 8CE46ACD228316F1003B04A7 /* LaunchScreen.storyboard */; };
		8CE46AD822831729003B04A7 /* Dictionary.swift in Sources */ = {isa = PBXBuildFile; fileRef = 8CE46AD722831729003B04A7 /* Dictionary.swift */; };
		8CE46ADB22831745003B04A7 /* SearchController.swift in Sources */ = {isa = PBXBuildFile; fileRef = 8CE46ADA22831745003B04A7 /* SearchController.swift */; };
		8CE46ADD22831767003B04A7 /* MainTabBarController.swift in Sources */ = {isa = PBXBuildFile; fileRef = 8CE46ADC22831767003B04A7 /* MainTabBarController.swift */; };
		E3545DA2B37E9DEAC7251B85 /* Pods_LASDictionaryV4.framework in Frameworks */ = {isa = PBXBuildFile; fileRef = 801C6D861C5F33C9FF5C2BF5 /* Pods_LASDictionaryV4.framework */; };
/* End PBXBuildFile section */

/* Begin PBXFileReference section */
		57158B04EAB1E092AF529499 /* Pods-LASDictionaryV4.release.xcconfig */ = {isa = PBXFileReference; includeInIndex = 1; lastKnownFileType = text.xcconfig; name = "Pods-LASDictionaryV4.release.xcconfig"; path = "Target Support Files/Pods-LASDictionaryV4/Pods-LASDictionaryV4.release.xcconfig"; sourceTree = "<group>"; };
		801C6D861C5F33C9FF5C2BF5 /* Pods_LASDictionaryV4.framework */ = {isa = PBXFileReference; explicitFileType = wrapper.framework; includeInIndex = 0; path = Pods_LASDictionaryV4.framework; sourceTree = BUILT_PRODUCTS_DIR; };
		8C58AED322AAAB95009FF58E /* SignCell.xib */ = {isa = PBXFileReference; lastKnownFileType = file.xib; path = SignCell.xib; sourceTree = "<group>"; };
		8C58AED522AAD2B6009FF58E /* signCell.swift */ = {isa = PBXFileReference; lastKnownFileType = sourcecode.swift; path = signCell.swift; sourceTree = "<group>"; };
		8CAF5E8822B422C700D568A3 /* VideoPlayerView.swift */ = {isa = PBXFileReference; lastKnownFileType = sourcecode.swift; path = VideoPlayerView.swift; sourceTree = "<group>"; };
		8CAF5E8C22B423F800D568A3 /* GoogleService-Info.plist */ = {isa = PBXFileReference; fileEncoding = 4; lastKnownFileType = text.plist.xml; path = "GoogleService-Info.plist"; sourceTree = "<group>"; };
		8CC2F6A3229ED45900A2F053 /* csvjson.json */ = {isa = PBXFileReference; fileEncoding = 4; lastKnownFileType = text.json; path = csvjson.json; sourceTree = "<group>"; };
		8CCBEF3722B15544000AECFA /* SignsController.swift */ = {isa = PBXFileReference; lastKnownFileType = sourcecode.swift; path = SignsController.swift; sourceTree = "<group>"; };
		8CE46AC1228316F1003B04A7 /* LASDictionaryV4.app */ = {isa = PBXFileReference; explicitFileType = wrapper.application; includeInIndex = 0; path = LASDictionaryV4.app; sourceTree = BUILT_PRODUCTS_DIR; };
		8CE46AC4228316F1003B04A7 /* AppDelegate.swift */ = {isa = PBXFileReference; lastKnownFileType = sourcecode.swift; path = AppDelegate.swift; sourceTree = "<group>"; };
		8CE46AC6228316F1003B04A7 /* ViewController.swift */ = {isa = PBXFileReference; lastKnownFileType = sourcecode.swift; path = ViewController.swift; sourceTree = "<group>"; };
		8CE46AC9228316F1003B04A7 /* Base */ = {isa = PBXFileReference; lastKnownFileType = file.storyboard; name = Base; path = Base.lproj/Main.storyboard; sourceTree = "<group>"; };
		8CE46ACB228316F1003B04A7 /* Assets.xcassets */ = {isa = PBXFileReference; lastKnownFileType = folder.assetcatalog; path = Assets.xcassets; sourceTree = "<group>"; };
		8CE46ACE228316F1003B04A7 /* Base */ = {isa = PBXFileReference; lastKnownFileType = file.storyboard; name = Base; path = Base.lproj/LaunchScreen.storyboard; sourceTree = "<group>"; };
		8CE46AD0228316F1003B04A7 /* Info.plist */ = {isa = PBXFileReference; lastKnownFileType = text.plist.xml; path = Info.plist; sourceTree = "<group>"; };
		8CE46AD722831729003B04A7 /* Dictionary.swift */ = {isa = PBXFileReference; fileEncoding = 4; lastKnownFileType = sourcecode.swift; path = Dictionary.swift; sourceTree = "<group>"; };
		8CE46ADA22831745003B04A7 /* SearchController.swift */ = {isa = PBXFileReference; fileEncoding = 4; lastKnownFileType = sourcecode.swift; path = SearchController.swift; sourceTree = "<group>"; };
		8CE46ADC22831767003B04A7 /* MainTabBarController.swift */ = {isa = PBXFileReference; lastKnownFileType = sourcecode.swift; path = MainTabBarController.swift; sourceTree = "<group>"; };
		E2609D5A9F36671ED5F56858 /* Pods-LASDictionaryV4.debug.xcconfig */ = {isa = PBXFileReference; includeInIndex = 1; lastKnownFileType = text.xcconfig; name = "Pods-LASDictionaryV4.debug.xcconfig"; path = "Target Support Files/Pods-LASDictionaryV4/Pods-LASDictionaryV4.debug.xcconfig"; sourceTree = "<group>"; };
/* End PBXFileReference section */

/* Begin PBXFrameworksBuildPhase section */
		8CE46ABE228316F1003B04A7 /* Frameworks */ = {
			isa = PBXFrameworksBuildPhase;
			buildActionMask = 2147483647;
			files = (
				E3545DA2B37E9DEAC7251B85 /* Pods_LASDictionaryV4.framework in Frameworks */,
			);
			runOnlyForDeploymentPostprocessing = 0;
		};
/* End PBXFrameworksBuildPhase section */

/* Begin PBXGroup section */
		4DE7BE94CB1C0C77442E290A /* Frameworks */ = {
			isa = PBXGroup;
			children = (
				801C6D861C5F33C9FF5C2BF5 /* Pods_LASDictionaryV4.framework */,
			);
			name = Frameworks;
			sourceTree = "<group>";
		};
		8C58AED222AAAB57009FF58E /* View */ = {
			isa = PBXGroup;
			children = (
				8C58AED322AAAB95009FF58E /* SignCell.xib */,
				8C58AED522AAD2B6009FF58E /* signCell.swift */,
			);
			path = View;
			sourceTree = "<group>";
		};
		8CAF5E8322B3F20E00D568A3 /* Helpers */ = {
			isa = PBXGroup;
			children = (
				8CAF5E8822B422C700D568A3 /* VideoPlayerView.swift */,
			);
			path = Helpers;
			sourceTree = "<group>";
		};
		8CE46AB8228316F1003B04A7 = {
			isa = PBXGroup;
			children = (
				8CE46AC3228316F1003B04A7 /* LASDictionaryV4 */,
				8CE46AC2228316F1003B04A7 /* Products */,
				8CE4B634EEEAC6BE2CE753B8 /* Pods */,
				4DE7BE94CB1C0C77442E290A /* Frameworks */,
			);
			sourceTree = "<group>";
		};
		8CE46AC2228316F1003B04A7 /* Products */ = {
			isa = PBXGroup;
			children = (
				8CE46AC1228316F1003B04A7 /* LASDictionaryV4.app */,
			);
			name = Products;
			sourceTree = "<group>";
		};
		8CE46AC3228316F1003B04A7 /* LASDictionaryV4 */ = {
			isa = PBXGroup;
			children = (
				8C58AED222AAAB57009FF58E /* View */,
				8CE46AD622831729003B04A7 /* Models */,
				8CE46AC4228316F1003B04A7 /* AppDelegate.swift */,
				8CAF5E8322B3F20E00D568A3 /* Helpers */,
				8CE46AD922831745003B04A7 /* Controllers */,
				8CE46AC6228316F1003B04A7 /* ViewController.swift */,
				8CE46ADC22831767003B04A7 /* MainTabBarController.swift */,
				8CE46AC8228316F1003B04A7 /* Main.storyboard */,
				8CE46ACB228316F1003B04A7 /* Assets.xcassets */,
				8CE46ACD228316F1003B04A7 /* LaunchScreen.storyboard */,
				8CC2F6A3229ED45900A2F053 /* csvjson.json */,
				8CE46AD0228316F1003B04A7 /* Info.plist */,
				8CAF5E8C22B423F800D568A3 /* GoogleService-Info.plist */,
			);
			path = LASDictionaryV4;
			sourceTree = "<group>";
		};
		8CE46AD622831729003B04A7 /* Models */ = {
			isa = PBXGroup;
			children = (
				8CE46AD722831729003B04A7 /* Dictionary.swift */,
			);
			path = Models;
			sourceTree = "<group>";
		};
		8CE46AD922831745003B04A7 /* Controllers */ = {
			isa = PBXGroup;
			children = (
				8CE46ADA22831745003B04A7 /* SearchController.swift */,
				8CCBEF3722B15544000AECFA /* SignsController.swift */,
			);
			path = Controllers;
			sourceTree = "<group>";
		};
		8CE4B634EEEAC6BE2CE753B8 /* Pods */ = {
			isa = PBXGroup;
			children = (
				E2609D5A9F36671ED5F56858 /* Pods-LASDictionaryV4.debug.xcconfig */,
				57158B04EAB1E092AF529499 /* Pods-LASDictionaryV4.release.xcconfig */,
			);
			name = Pods;
			path = Pods;
			sourceTree = "<group>";
		};
/* End PBXGroup section */

/* Begin PBXNativeTarget section */
		8CE46AC0228316F1003B04A7 /* LASDictionaryV4 */ = {
			isa = PBXNativeTarget;
			buildConfigurationList = 8CE46AD3228316F1003B04A7 /* Build configuration list for PBXNativeTarget "LASDictionaryV4" */;
			buildPhases = (
				162A75AE485B60F288968528 /* [CP] Check Pods Manifest.lock */,
				8CE46ABD228316F1003B04A7 /* Sources */,
				8CE46ABE228316F1003B04A7 /* Frameworks */,
				8CE46ABF228316F1003B04A7 /* Resources */,
				F2E00863890338D9B3E72E04 /* [CP] Embed Pods Frameworks */,
				25DD045EE9012E6FECB7D1CB /* [CP] Copy Pods Resources */,
			);
			buildRules = (
			);
			dependencies = (
			);
			name = LASDictionaryV4;
			productName = LASDictionaryV4;
			productReference = 8CE46AC1228316F1003B04A7 /* LASDictionaryV4.app */;
			productType = "com.apple.product-type.application";
		};
/* End PBXNativeTarget section */

/* Begin PBXProject section */
		8CE46AB9228316F1003B04A7 /* Project object */ = {
			isa = PBXProject;
			attributes = {
				LastSwiftUpdateCheck = 1020;
				LastUpgradeCheck = 1020;
				ORGANIZATIONNAME = LAS;
				TargetAttributes = {
					8CE46AC0228316F1003B04A7 = {
						CreatedOnToolsVersion = 10.2.1;
					};
				};
			};
			buildConfigurationList = 8CE46ABC228316F1003B04A7 /* Build configuration list for PBXProject "LASDictionaryV4" */;
			compatibilityVersion = "Xcode 9.3";
			developmentRegion = en;
			hasScannedForEncodings = 0;
			knownRegions = (
				en,
				Base,
			);
			mainGroup = 8CE46AB8228316F1003B04A7;
			productRefGroup = 8CE46AC2228316F1003B04A7 /* Products */;
			projectDirPath = "";
			projectRoot = "";
			targets = (
				8CE46AC0228316F1003B04A7 /* LASDictionaryV4 */,
			);
		};
/* End PBXProject section */

/* Begin PBXResourcesBuildPhase section */
		8CE46ABF228316F1003B04A7 /* Resources */ = {
			isa = PBXResourcesBuildPhase;
			buildActionMask = 2147483647;
			files = (
				8CE46ACF228316F1003B04A7 /* LaunchScreen.storyboard in Resources */,
				8CE46ACC228316F1003B04A7 /* Assets.xcassets in Resources */,
				8C58AED422AAAB95009FF58E /* SignCell.xib in Resources */,
				8CC2F6A4229ED45900A2F053 /* csvjson.json in Resources */,
				8CE46ACA228316F1003B04A7 /* Main.storyboard in Resources */,
				8CAF5E8D22B423F800D568A3 /* GoogleService-Info.plist in Resources */,
			);
			runOnlyForDeploymentPostprocessing = 0;
		};
/* End PBXResourcesBuildPhase section */

/* Begin PBXShellScriptBuildPhase section */
		162A75AE485B60F288968528 /* [CP] Check Pods Manifest.lock */ = {
			isa = PBXShellScriptBuildPhase;
			buildActionMask = 2147483647;
			files = (
			);
			inputFileListPaths = (
			);
			inputPaths = (
				"${PODS_PODFILE_DIR_PATH}/Podfile.lock",
				"${PODS_ROOT}/Manifest.lock",
			);
			name = "[CP] Check Pods Manifest.lock";
			outputFileListPaths = (
			);
			outputPaths = (
				"$(DERIVED_FILE_DIR)/Pods-LASDictionaryV4-checkManifestLockResult.txt",
			);
			runOnlyForDeploymentPostprocessing = 0;
			shellPath = /bin/sh;
			shellScript = "diff \"${PODS_PODFILE_DIR_PATH}/Podfile.lock\" \"${PODS_ROOT}/Manifest.lock\" > /dev/null\nif [ $? != 0 ] ; then\n    # print error to STDERR\n    echo \"error: The sandbox is not in sync with the Podfile.lock. Run 'pod install' or update your CocoaPods installation.\" >&2\n    exit 1\nfi\n# This output is used by Xcode 'outputs' to avoid re-running this script phase.\necho \"SUCCESS\" > \"${SCRIPT_OUTPUT_FILE_0}\"\n";
			showEnvVarsInLog = 0;
		};
		25DD045EE9012E6FECB7D1CB /* [CP] Copy Pods Resources */ = {
			isa = PBXShellScriptBuildPhase;
			buildActionMask = 2147483647;
			files = (
			);
			inputFileListPaths = (
				"${PODS_ROOT}/Target Support Files/Pods-LASDictionaryV4/Pods-LASDictionaryV4-resources-${CONFIGURATION}-input-files.xcfilelist",
			);
			name = "[CP] Copy Pods Resources";
			outputFileListPaths = (
				"${PODS_ROOT}/Target Support Files/Pods-LASDictionaryV4/Pods-LASDictionaryV4-resources-${CONFIGURATION}-output-files.xcfilelist",
			);
			runOnlyForDeploymentPostprocessing = 0;
			shellPath = /bin/sh;
			shellScript = "\"${PODS_ROOT}/Target Support Files/Pods-LASDictionaryV4/Pods-LASDictionaryV4-resources.sh\"\n";
			showEnvVarsInLog = 0;
		};
		F2E00863890338D9B3E72E04 /* [CP] Embed Pods Frameworks */ = {
			isa = PBXShellScriptBuildPhase;
			buildActionMask = 2147483647;
			files = (
			);
			inputFileListPaths = (
				"${PODS_ROOT}/Target Support Files/Pods-LASDictionaryV4/Pods-LASDictionaryV4-frameworks-${CONFIGURATION}-input-files.xcfilelist",
			);
			name = "[CP] Embed Pods Frameworks";
			outputFileListPaths = (
				"${PODS_ROOT}/Target Support Files/Pods-LASDictionaryV4/Pods-LASDictionaryV4-frameworks-${CONFIGURATION}-output-files.xcfilelist",
			);
			runOnlyForDeploymentPostprocessing = 0;
			shellPath = /bin/sh;
			shellScript = "\"${PODS_ROOT}/Target Support Files/Pods-LASDictionaryV4/Pods-LASDictionaryV4-frameworks.sh\"\n";
			showEnvVarsInLog = 0;
		};
/* End PBXShellScriptBuildPhase section */

/* Begin PBXSourcesBuildPhase section */
		8CE46ABD228316F1003B04A7 /* Sources */ = {
			isa = PBXSourcesBuildPhase;
			buildActionMask = 2147483647;
			files = (
				8C58AED622AAD2B6009FF58E /* signCell.swift in Sources */,
				8CE46AC7228316F1003B04A7 /* ViewController.swift in Sources */,
				8CE46AC5228316F1003B04A7 /* AppDelegate.swift in Sources */,
				8CE46ADD22831767003B04A7 /* MainTabBarController.swift in Sources */,
				8CCBEF3822B15544000AECFA /* SignsController.swift in Sources */,
				8CAF5E8922B422C700D568A3 /* VideoPlayerView.swift in Sources */,
				8CE46ADB22831745003B04A7 /* SearchController.swift in Sources */,
				8CE46AD822831729003B04A7 /* Dictionary.swift in Sources */,
			);
			runOnlyForDeploymentPostprocessing = 0;
		};
/* End PBXSourcesBuildPhase section */

/* Begin PBXVariantGroup section */
		8CE46AC8228316F1003B04A7 /* Main.storyboard */ = {
			isa = PBXVariantGroup;
			children = (
				8CE46AC9228316F1003B04A7 /* Base */,
			);
			name = Main.storyboard;
			sourceTree = "<group>";
		};
		8CE46ACD228316F1003B04A7 /* LaunchScreen.storyboard */ = {
			isa = PBXVariantGroup;
			children = (
				8CE46ACE228316F1003B04A7 /* Base */,
			);
			name = LaunchScreen.storyboard;
			sourceTree = "<group>";
		};
/* End PBXVariantGroup section */

/* Begin XCBuildConfiguration section */
		8CE46AD1228316F1003B04A7 /* Debug */ = {
			isa = XCBuildConfiguration;
			buildSettings = {
				ALWAYS_SEARCH_USER_PATHS = NO;
				CLANG_ANALYZER_NONNULL = YES;
				CLANG_ANALYZER_NUMBER_OBJECT_CONVERSION = YES_AGGRESSIVE;
				CLANG_CXX_LANGUAGE_STANDARD = "gnu++14";
				CLANG_CXX_LIBRARY = "libc++";
				CLANG_ENABLE_MODULES = YES;
				CLANG_ENABLE_OBJC_ARC = YES;
				CLANG_ENABLE_OBJC_WEAK = YES;
				CLANG_WARN_BLOCK_CAPTURE_AUTORELEASING = YES;
				CLANG_WARN_BOOL_CONVERSION = YES;
				CLANG_WARN_COMMA = YES;
				CLANG_WARN_CONSTANT_CONVERSION = YES;
				CLANG_WARN_DEPRECATED_OBJC_IMPLEMENTATIONS = YES;
				CLANG_WARN_DIRECT_OBJC_ISA_USAGE = YES_ERROR;
				CLANG_WARN_DOCUMENTATION_COMMENTS = YES;
				CLANG_WARN_EMPTY_BODY = YES;
				CLANG_WARN_ENUM_CONVERSION = YES;
				CLANG_WARN_INFINITE_RECURSION = YES;
				CLANG_WARN_INT_CONVERSION = YES;
				CLANG_WARN_NON_LITERAL_NULL_CONVERSION = YES;
				CLANG_WARN_OBJC_IMPLICIT_RETAIN_SELF = YES;
				CLANG_WARN_OBJC_LITERAL_CONVERSION = YES;
				CLANG_WARN_OBJC_ROOT_CLASS = YES_ERROR;
				CLANG_WARN_RANGE_LOOP_ANALYSIS = YES;
				CLANG_WARN_STRICT_PROTOTYPES = YES;
				CLANG_WARN_SUSPICIOUS_MOVE = YES;
				CLANG_WARN_UNGUARDED_AVAILABILITY = YES_AGGRESSIVE;
				CLANG_WARN_UNREACHABLE_CODE = YES;
				CLANG_WARN__DUPLICATE_METHOD_MATCH = YES;
				CODE_SIGN_IDENTITY = "iPhone Developer";
				COPY_PHASE_STRIP = NO;
				DEBUG_INFORMATION_FORMAT = dwarf;
				ENABLE_STRICT_OBJC_MSGSEND = YES;
				ENABLE_TESTABILITY = YES;
				GCC_C_LANGUAGE_STANDARD = gnu11;
				GCC_DYNAMIC_NO_PIC = NO;
				GCC_NO_COMMON_BLOCKS = YES;
				GCC_OPTIMIZATION_LEVEL = 0;
				GCC_PREPROCESSOR_DEFINITIONS = (
					"DEBUG=1",
					"$(inherited)",
				);
				GCC_WARN_64_TO_32_BIT_CONVERSION = YES;
				GCC_WARN_ABOUT_RETURN_TYPE = YES_ERROR;
				GCC_WARN_UNDECLARED_SELECTOR = YES;
				GCC_WARN_UNINITIALIZED_AUTOS = YES_AGGRESSIVE;
				GCC_WARN_UNUSED_FUNCTION = YES;
				GCC_WARN_UNUSED_VARIABLE = YES;
				IPHONEOS_DEPLOYMENT_TARGET = 12.2;
				MTL_ENABLE_DEBUG_INFO = INCLUDE_SOURCE;
				MTL_FAST_MATH = YES;
				ONLY_ACTIVE_ARCH = YES;
				SDKROOT = iphoneos;
				SWIFT_ACTIVE_COMPILATION_CONDITIONS = DEBUG;
				SWIFT_OPTIMIZATION_LEVEL = "-Onone";
			};
			name = Debug;
		};
		8CE46AD2228316F1003B04A7 /* Release */ = {
			isa = XCBuildConfiguration;
			buildSettings = {
				ALWAYS_SEARCH_USER_PATHS = NO;
				CLANG_ANALYZER_NONNULL = YES;
				CLANG_ANALYZER_NUMBER_OBJECT_CONVERSION = YES_AGGRESSIVE;
				CLANG_CXX_LANGUAGE_STANDARD = "gnu++14";
				CLANG_CXX_LIBRARY = "libc++";
				CLANG_ENABLE_MODULES = YES;
				CLANG_ENABLE_OBJC_ARC = YES;
				CLANG_ENABLE_OBJC_WEAK = YES;
				CLANG_WARN_BLOCK_CAPTURE_AUTORELEASING = YES;
				CLANG_WARN_BOOL_CONVERSION = YES;
				CLANG_WARN_COMMA = YES;
				CLANG_WARN_CONSTANT_CONVERSION = YES;
				CLANG_WARN_DEPRECATED_OBJC_IMPLEMENTATIONS = YES;
				CLANG_WARN_DIRECT_OBJC_ISA_USAGE = YES_ERROR;
				CLANG_WARN_DOCUMENTATION_COMMENTS = YES;
				CLANG_WARN_EMPTY_BODY = YES;
				CLANG_WARN_ENUM_CONVERSION = YES;
				CLANG_WARN_INFINITE_RECURSION = YES;
				CLANG_WARN_INT_CONVERSION = YES;
				CLANG_WARN_NON_LITERAL_NULL_CONVERSION = YES;
				CLANG_WARN_OBJC_IMPLICIT_RETAIN_SELF = YES;
				CLANG_WARN_OBJC_LITERAL_CONVERSION = YES;
				CLANG_WARN_OBJC_ROOT_CLASS = YES_ERROR;
				CLANG_WARN_RANGE_LOOP_ANALYSIS = YES;
				CLANG_WARN_STRICT_PROTOTYPES = YES;
				CLANG_WARN_SUSPICIOUS_MOVE = YES;
				CLANG_WARN_UNGUARDED_AVAILABILITY = YES_AGGRESSIVE;
				CLANG_WARN_UNREACHABLE_CODE = YES;
				CLANG_WARN__DUPLICATE_METHOD_MATCH = YES;
				CODE_SIGN_IDENTITY = "iPhone Developer";
				COPY_PHASE_STRIP = NO;
				DEBUG_INFORMATION_FORMAT = "dwarf-with-dsym";
				ENABLE_NS_ASSERTIONS = NO;
				ENABLE_STRICT_OBJC_MSGSEND = YES;
				GCC_C_LANGUAGE_STANDARD = gnu11;
				GCC_NO_COMMON_BLOCKS = YES;
				GCC_WARN_64_TO_32_BIT_CONVERSION = YES;
				GCC_WARN_ABOUT_RETURN_TYPE = YES_ERROR;
				GCC_WARN_UNDECLARED_SELECTOR = YES;
				GCC_WARN_UNINITIALIZED_AUTOS = YES_AGGRESSIVE;
				GCC_WARN_UNUSED_FUNCTION = YES;
				GCC_WARN_UNUSED_VARIABLE = YES;
				IPHONEOS_DEPLOYMENT_TARGET = 12.2;
				MTL_ENABLE_DEBUG_INFO = NO;
				MTL_FAST_MATH = YES;
				SDKROOT = iphoneos;
				SWIFT_COMPILATION_MODE = wholemodule;
				SWIFT_OPTIMIZATION_LEVEL = "-O";
				VALIDATE_PRODUCT = YES;
			};
			name = Release;
		};
		8CE46AD4228316F1003B04A7 /* Debug */ = {
			isa = XCBuildConfiguration;
			baseConfigurationReference = E2609D5A9F36671ED5F56858 /* Pods-LASDictionaryV4.debug.xcconfig */;
			buildSettings = {
				ASSETCATALOG_COMPILER_APPICON_NAME = AppIcon;
				CODE_SIGN_STYLE = Automatic;
				DEVELOPMENT_TEAM = LLP3H85GZ9;
				INFOPLIST_FILE = LASDictionaryV4/Info.plist;
				LD_RUNPATH_SEARCH_PATHS = (
					"$(inherited)",
					"@executable_path/Frameworks",
				);
				PRODUCT_BUNDLE_IDENTIFIER = com.las.LASDictionaryV4;
				PRODUCT_NAME = "$(TARGET_NAME)";
				SWIFT_VERSION = 5.0;
				TARGETED_DEVICE_FAMILY = "1,2";
			};
			name = Debug;
		};
		8CE46AD5228316F1003B04A7 /* Release */ = {
			isa = XCBuildConfiguration;
			baseConfigurationReference = 57158B04EAB1E092AF529499 /* Pods-LASDictionaryV4.release.xcconfig */;
			buildSettings = {
				ASSETCATALOG_COMPILER_APPICON_NAME = AppIcon;
				CODE_SIGN_STYLE = Automatic;
				DEVELOPMENT_TEAM = LLP3H85GZ9;
				INFOPLIST_FILE = LASDictionaryV4/Info.plist;
				LD_RUNPATH_SEARCH_PATHS = (
					"$(inherited)",
					"@executable_path/Frameworks",
				);
				PRODUCT_BUNDLE_IDENTIFIER = com.las.LASDictionaryV4;
				PRODUCT_NAME = "$(TARGET_NAME)";
				SWIFT_VERSION = 5.0;
				TARGETED_DEVICE_FAMILY = "1,2";
			};
			name = Release;
		};
/* End XCBuildConfiguration section */

/* Begin XCConfigurationList section */
		8CE46ABC228316F1003B04A7 /* Build configuration list for PBXProject "LASDictionaryV4" */ = {
			isa = XCConfigurationList;
			buildConfigurations = (
				8CE46AD1228316F1003B04A7 /* Debug */,
				8CE46AD2228316F1003B04A7 /* Release */,
			);
			defaultConfigurationIsVisible = 0;
			defaultConfigurationName = Release;
		};
		8CE46AD3228316F1003B04A7 /* Build configuration list for PBXNativeTarget "LASDictionaryV4" */ = {
			isa = XCConfigurationList;
			buildConfigurations = (
				8CE46AD4228316F1003B04A7 /* Debug */,
				8CE46AD5228316F1003B04A7 /* Release */,
			);
			defaultConfigurationIsVisible = 0;
			defaultConfigurationName = Release;
		};
/* End XCConfigurationList section */
	};
	rootObject = 8CE46AB9228316F1003B04A7 /* Project object */;
}
